// !$*UTF8*$!
{
	archiveVersion = 1;
	classes = {
	};
	objectVersion = 77;
	objects = {

/* Begin PBXBuildFile section */
		D418E42B2E87248A00959434 /* SPConfetti in Frameworks */ = {isa = PBXBuildFile; productRef = D418E42A2E87248A00959434 /* SPConfetti */; };
		D439A64E2E833720001D193A /* NotificationToast in Frameworks */ = {isa = PBXBuildFile; productRef = D439A64D2E833720001D193A /* NotificationToast */; };
		D4C51D232E71CAE400E2BA7E /* SnapKit in Frameworks */ = {isa = PBXBuildFile; productRef = D4C51D222E71CAE400E2BA7E /* SnapKit */; };
		D4C51E812E72047200E2BA7E /* SwiftySound in Frameworks */ = {isa = PBXBuildFile; productRef = D4C51E802E72047200E2BA7E /* SwiftySound */; };
		D4C51EAE2E72F29C00E2BA7E /* Alamofire in Frameworks */ = {isa = PBXBuildFile; productRef = D4C51EAD2E72F29C00E2BA7E /* Alamofire */; };
		D4C51EB12E72F2A900E2BA7E /* AlamofireImage in Frameworks */ = {isa = PBXBuildFile; productRef = D4C51EB02E72F2A900E2BA7E /* AlamofireImage */; };
		D4C51EDB2E74028400E2BA7E /* FirebaseFirestore in Frameworks */ = {isa = PBXBuildFile; productRef = D4C51EDA2E74028400E2BA7E /* FirebaseFirestore */; };
		D4C51EE32E74054A00E2BA7E /* FirebaseAnalytics in Frameworks */ = {isa = PBXBuildFile; productRef = D4C51EE22E74054A00E2BA7E /* FirebaseAnalytics */; };
		D4C51EEB2E74141200E2BA7E /* SVGKit in Frameworks */ = {isa = PBXBuildFile; productRef = D4C51EEA2E74141200E2BA7E /* SVGKit */; };
		D4CEC0AF2E93A87C000E0D1E /* FirebaseRemoteConfig in Frameworks */ = {isa = PBXBuildFile; productRef = D4CEC0AE2E93A87C000E0D1E /* FirebaseRemoteConfig */; };
		D4CEC2AB2E93D317000E0D1E /* StoreKit.framework in Frameworks */ = {isa = PBXBuildFile; fileRef = D4CEC2AA2E93D317000E0D1E /* StoreKit.framework */; };
		D4CEC4AD2E951072000E0D1E /* GoogleMobileAds in Frameworks */ = {isa = PBXBuildFile; productRef = D4CEC4AC2E951072000E0D1E /* GoogleMobileAds */; };
		D4CEC4B02E9510B8000E0D1E /* GoogleUserMessagingPlatform in Frameworks */ = {isa = PBXBuildFile; productRef = D4CEC4AF2E9510B8000E0D1E /* GoogleUserMessagingPlatform */; };
/* End PBXBuildFile section */

/* Begin PBXFileReference section */
		D4875BE62E71C496007B256E /* BlindBeats.app */ = {isa = PBXFileReference; explicitFileType = wrapper.application; includeInIndex = 0; path = BlindBeats.app; sourceTree = BUILT_PRODUCTS_DIR; };
		D4CEC2AA2E93D317000E0D1E /* StoreKit.framework */ = {isa = PBXFileReference; lastKnownFileType = wrapper.framework; name = StoreKit.framework; path = System/Library/Frameworks/StoreKit.framework; sourceTree = SDKROOT; };
/* End PBXFileReference section */

/* Begin PBXFileSystemSynchronizedBuildFileExceptionSet section */
		D4875BF82E71C497007B256E /* Exceptions for "BlindBeats" folder in "BlindBeats" target */ = {
			isa = PBXFileSystemSynchronizedBuildFileExceptionSet;
			membershipExceptions = (
				"Resources/Supporting Files/Info.plist",
			);
			target = D4875BE52E71C496007B256E /* BlindBeats */;
		};
/* End PBXFileSystemSynchronizedBuildFileExceptionSet section */

/* Begin PBXFileSystemSynchronizedRootGroup section */
		D4875BE82E71C496007B256E /* BlindBeats */ = {
			isa = PBXFileSystemSynchronizedRootGroup;
			exceptions = (
				D4875BF82E71C497007B256E /* Exceptions for "BlindBeats" folder in "BlindBeats" target */,
			);
			path = BlindBeats;
			sourceTree = "<group>";
		};
/* End PBXFileSystemSynchronizedRootGroup section */

/* Begin PBXFrameworksBuildPhase section */
		D4875BE32E71C496007B256E /* Frameworks */ = {
			isa = PBXFrameworksBuildPhase;
			buildActionMask = 2147483647;
			files = (
				D4CEC4AD2E951072000E0D1E /* GoogleMobileAds in Frameworks */,
				D4C51EAE2E72F29C00E2BA7E /* Alamofire in Frameworks */,
				D418E42B2E87248A00959434 /* SPConfetti in Frameworks */,
				D4CEC4B02E9510B8000E0D1E /* GoogleUserMessagingPlatform in Frameworks */,
				D4C51EEB2E74141200E2BA7E /* SVGKit in Frameworks */,
				D4C51EB12E72F2A900E2BA7E /* AlamofireImage in Frameworks */,
				D439A64E2E833720001D193A /* NotificationToast in Frameworks */,
				D4C51EE32E74054A00E2BA7E /* FirebaseAnalytics in Frameworks */,
				D4C51E812E72047200E2BA7E /* SwiftySound in Frameworks */,
				D4C51EDB2E74028400E2BA7E /* FirebaseFirestore in Frameworks */,
				D4C51D232E71CAE400E2BA7E /* SnapKit in Frameworks */,
				D4CEC0AF2E93A87C000E0D1E /* FirebaseRemoteConfig in Frameworks */,
				D4CEC2AB2E93D317000E0D1E /* StoreKit.framework in Frameworks */,
			);
			runOnlyForDeploymentPostprocessing = 0;
		};
/* End PBXFrameworksBuildPhase section */

/* Begin PBXGroup section */
		D4875BDD2E71C496007B256E = {
			isa = PBXGroup;
			children = (
				D4875BE82E71C496007B256E /* BlindBeats */,
				D4CEC2A92E93D317000E0D1E /* Frameworks */,
				D4875BE72E71C496007B256E /* Products */,
			);
			sourceTree = "<group>";
		};
		D4875BE72E71C496007B256E /* Products */ = {
			isa = PBXGroup;
			children = (
				D4875BE62E71C496007B256E /* BlindBeats.app */,
			);
			name = Products;
			sourceTree = "<group>";
		};
		D4CEC2A92E93D317000E0D1E /* Frameworks */ = {
			isa = PBXGroup;
			children = (
				D4CEC2AA2E93D317000E0D1E /* StoreKit.framework */,
			);
			name = Frameworks;
			sourceTree = "<group>";
		};
/* End PBXGroup section */

/* Begin PBXNativeTarget section */
		D4875BE52E71C496007B256E /* BlindBeats */ = {
			isa = PBXNativeTarget;
			buildConfigurationList = D4875BF92E71C497007B256E /* Build configuration list for PBXNativeTarget "BlindBeats" */;
			buildPhases = (
				D4875BE22E71C496007B256E /* Sources */,
				D4875BE32E71C496007B256E /* Frameworks */,
				D4875BE42E71C496007B256E /* Resources */,
			);
			buildRules = (
			);
			dependencies = (
			);
			fileSystemSynchronizedGroups = (
				D4875BE82E71C496007B256E /* BlindBeats */,
			);
			name = BlindBeats;
			packageProductDependencies = (
				D4C51D222E71CAE400E2BA7E /* SnapKit */,
				D4C51E802E72047200E2BA7E /* SwiftySound */,
				D4C51EAD2E72F29C00E2BA7E /* Alamofire */,
				D4C51EB02E72F2A900E2BA7E /* AlamofireImage */,
				D4C51EDA2E74028400E2BA7E /* FirebaseFirestore */,
				D4C51EE22E74054A00E2BA7E /* FirebaseAnalytics */,
				D4C51EEA2E74141200E2BA7E /* SVGKit */,
				D439A64D2E833720001D193A /* NotificationToast */,
				D418E42A2E87248A00959434 /* SPConfetti */,
				D4CEC0AE2E93A87C000E0D1E /* FirebaseRemoteConfig */,
				D4CEC4AC2E951072000E0D1E /* GoogleMobileAds */,
				D4CEC4AF2E9510B8000E0D1E /* GoogleUserMessagingPlatform */,
			);
			productName = BlindBeats;
			productReference = D4875BE62E71C496007B256E /* BlindBeats.app */;
			productType = "com.apple.product-type.application";
		};
/* End PBXNativeTarget section */

/* Begin PBXProject section */
		D4875BDE2E71C496007B256E /* Project object */ = {
			isa = PBXProject;
			attributes = {
				BuildIndependentTargetsInParallel = 1;
				LastSwiftUpdateCheck = 1640;
				LastUpgradeCheck = 1640;
				TargetAttributes = {
					D4875BE52E71C496007B256E = {
						CreatedOnToolsVersion = 16.4;
					};
				};
			};
			buildConfigurationList = D4875BE12E71C496007B256E /* Build configuration list for PBXProject "BlindBeats" */;
			developmentRegion = en;
			hasScannedForEncodings = 0;
			knownRegions = (
				en,
				Base,
			);
			mainGroup = D4875BDD2E71C496007B256E;
			minimizedProjectReferenceProxies = 1;
			packageReferences = (
				D4C51D212E71CAE400E2BA7E /* XCRemoteSwiftPackageReference "SnapKit" */,
				D4C51E7F2E72047200E2BA7E /* XCRemoteSwiftPackageReference "SwiftySound" */,
				D4C51EAC2E72F29C00E2BA7E /* XCRemoteSwiftPackageReference "Alamofire" */,
				D4C51EAF2E72F2A900E2BA7E /* XCRemoteSwiftPackageReference "AlamofireImage" */,
				D4C51ED92E74028400E2BA7E /* XCRemoteSwiftPackageReference "firebase-ios-sdk" */,
				D4C51EE92E74141200E2BA7E /* XCRemoteSwiftPackageReference "SVGKit" */,
				D439A64C2E833720001D193A /* XCRemoteSwiftPackageReference "NotificationToast" */,
				D418E4292E87248A00959434 /* XCRemoteSwiftPackageReference "SPConfetti" */,
				D4CEC4AB2E951072000E0D1E /* XCRemoteSwiftPackageReference "swift-package-manager-google-mobile-ads" */,
				D4CEC4AE2E9510B8000E0D1E /* XCRemoteSwiftPackageReference "swift-package-manager-google-user-messaging-platform" */,
			);
			preferredProjectObjectVersion = 77;
			productRefGroup = D4875BE72E71C496007B256E /* Products */;
			projectDirPath = "";
			projectRoot = "";
			targets = (
				D4875BE52E71C496007B256E /* BlindBeats */,
			);
		};
/* End PBXProject section */

/* Begin PBXResourcesBuildPhase section */
		D4875BE42E71C496007B256E /* Resources */ = {
			isa = PBXResourcesBuildPhase;
			buildActionMask = 2147483647;
			files = (
			);
			runOnlyForDeploymentPostprocessing = 0;
		};
/* End PBXResourcesBuildPhase section */

/* Begin PBXSourcesBuildPhase section */
		D4875BE22E71C496007B256E /* Sources */ = {
			isa = PBXSourcesBuildPhase;
			buildActionMask = 2147483647;
			files = (
			);
			runOnlyForDeploymentPostprocessing = 0;
		};
/* End PBXSourcesBuildPhase section */

/* Begin XCBuildConfiguration section */
		D4875BFA2E71C497007B256E /* Debug */ = {
			isa = XCBuildConfiguration;
			buildSettings = {
				ASSETCATALOG_COMPILER_APPICON_NAME = AppIcon;
				ASSETCATALOG_COMPILER_GLOBAL_ACCENT_COLOR_NAME = AccentColor;
				CODE_SIGN_STYLE = Automatic;
				CURRENT_PROJECT_VERSION = 1;
				DEVELOPMENT_TEAM = K73XJ748R3;
				GENERATE_INFOPLIST_FILE = YES;
				INFOPLIST_FILE = "BlindBeats/Resources/Supporting Files/Info.plist";
				INFOPLIST_KEY_UIApplicationSupportsIndirectInputEvents = YES;
				INFOPLIST_KEY_UILaunchStoryboardName = LaunchScreen;
				INFOPLIST_KEY_UIMainStoryboardFile = "";
				INFOPLIST_KEY_UISupportedInterfaceOrientations_iPad = "UIInterfaceOrientationPortrait UIInterfaceOrientationPortraitUpsideDown UIInterfaceOrientationLandscapeLeft UIInterfaceOrientationLandscapeRight";
				INFOPLIST_KEY_UISupportedInterfaceOrientations_iPhone = "UIInterfaceOrientationPortrait UIInterfaceOrientationLandscapeLeft UIInterfaceOrientationLandscapeRight";
				LD_RUNPATH_SEARCH_PATHS = (
					"$(inherited)",
					"@executable_path/Frameworks",
				);
				MARKETING_VERSION = 1.0;
				PRODUCT_BUNDLE_IDENTIFIER = com.michaelblin.BlindBeats;
				PRODUCT_NAME = "$(TARGET_NAME)";
				SWIFT_EMIT_LOC_STRINGS = YES;
				SWIFT_VERSION = 5.0;
				TARGETED_DEVICE_FAMILY = "1,2";
			};
			name = Debug;
		};
		D4875BFB2E71C497007B256E /* Release */ = {
			isa = XCBuildConfiguration;
			buildSettings = {
				ASSETCATALOG_COMPILER_APPICON_NAME = AppIcon;
				ASSETCATALOG_COMPILER_GLOBAL_ACCENT_COLOR_NAME = AccentColor;
				CODE_SIGN_STYLE = Automatic;
				CURRENT_PROJECT_VERSION = 1;
				DEVELOPMENT_TEAM = K73XJ748R3;
				GENERATE_INFOPLIST_FILE = YES;
				INFOPLIST_FILE = "BlindBeats/Resources/Supporting Files/Info.plist";
				INFOPLIST_KEY_UIApplicationSupportsIndirectInputEvents = YES;
				INFOPLIST_KEY_UILaunchStoryboardName = LaunchScreen;
				INFOPLIST_KEY_UIMainStoryboardFile = "";
				INFOPLIST_KEY_UISupportedInterfaceOrientations_iPad = "UIInterfaceOrientationPortrait UIInterfaceOrientationPortraitUpsideDown UIInterfaceOrientationLandscapeLeft UIInterfaceOrientationLandscapeRight";
				INFOPLIST_KEY_UISupportedInterfaceOrientations_iPhone = "UIInterfaceOrientationPortrait UIInterfaceOrientationLandscapeLeft UIInterfaceOrientationLandscapeRight";
				LD_RUNPATH_SEARCH_PATHS = (
					"$(inherited)",
					"@executable_path/Frameworks",
				);
				MARKETING_VERSION = 1.0;
				PRODUCT_BUNDLE_IDENTIFIER = com.michaelblin.BlindBeats;
				PRODUCT_NAME = "$(TARGET_NAME)";
				SWIFT_EMIT_LOC_STRINGS = YES;
				SWIFT_VERSION = 5.0;
				TARGETED_DEVICE_FAMILY = "1,2";
			};
			name = Release;
		};
		D4875BFC2E71C497007B256E /* Debug */ = {
			isa = XCBuildConfiguration;
			buildSettings = {
				ALWAYS_SEARCH_USER_PATHS = NO;
				ASSETCATALOG_COMPILER_GENERATE_SWIFT_ASSET_SYMBOL_EXTENSIONS = YES;
				CLANG_ANALYZER_NONNULL = YES;
				CLANG_ANALYZER_NUMBER_OBJECT_CONVERSION = YES_AGGRESSIVE;
				CLANG_CXX_LANGUAGE_STANDARD = "gnu++20";
				CLANG_ENABLE_MODULES = YES;
				CLANG_ENABLE_OBJC_ARC = YES;
				CLANG_ENABLE_OBJC_WEAK = YES;
				CLANG_WARN_BLOCK_CAPTURE_AUTORELEASING = YES;
				CLANG_WARN_BOOL_CONVERSION = YES;
				CLANG_WARN_COMMA = YES;
				CLANG_WARN_CONSTANT_CONVERSION = YES;
				CLANG_WARN_DEPRECATED_OBJC_IMPLEMENTATIONS = YES;
				CLANG_WARN_DIRECT_OBJC_ISA_USAGE = YES_ERROR;
				CLANG_WARN_DOCUMENTATION_COMMENTS = YES;
				CLANG_WARN_EMPTY_BODY = YES;
				CLANG_WARN_ENUM_CONVERSION = YES;
				CLANG_WARN_INFINITE_RECURSION = YES;
				CLANG_WARN_INT_CONVERSION = YES;
				CLANG_WARN_NON_LITERAL_NULL_CONVERSION = YES;
				CLANG_WARN_OBJC_IMPLICIT_RETAIN_SELF = YES;
				CLANG_WARN_OBJC_LITERAL_CONVERSION = YES;
				CLANG_WARN_OBJC_ROOT_CLASS = YES_ERROR;
				CLANG_WARN_QUOTED_INCLUDE_IN_FRAMEWORK_HEADER = YES;
				CLANG_WARN_RANGE_LOOP_ANALYSIS = YES;
				CLANG_WARN_STRICT_PROTOTYPES = YES;
				CLANG_WARN_SUSPICIOUS_MOVE = YES;
				CLANG_WARN_UNGUARDED_AVAILABILITY = YES_AGGRESSIVE;
				CLANG_WARN_UNREACHABLE_CODE = YES;
				CLANG_WARN__DUPLICATE_METHOD_MATCH = YES;
				COPY_PHASE_STRIP = NO;
				DEBUG_INFORMATION_FORMAT = dwarf;
				DEVELOPMENT_TEAM = K73XJ748R3;
				ENABLE_STRICT_OBJC_MSGSEND = YES;
				ENABLE_TESTABILITY = YES;
				ENABLE_USER_SCRIPT_SANDBOXING = YES;
				GCC_C_LANGUAGE_STANDARD = gnu17;
				GCC_DYNAMIC_NO_PIC = NO;
				GCC_NO_COMMON_BLOCKS = YES;
				GCC_OPTIMIZATION_LEVEL = 0;
				GCC_PREPROCESSOR_DEFINITIONS = (
					"DEBUG=1",
					"$(inherited)",
				);
				GCC_WARN_64_TO_32_BIT_CONVERSION = YES;
				GCC_WARN_ABOUT_RETURN_TYPE = YES_ERROR;
				GCC_WARN_UNDECLARED_SELECTOR = YES;
				GCC_WARN_UNINITIALIZED_AUTOS = YES_AGGRESSIVE;
				GCC_WARN_UNUSED_FUNCTION = YES;
				GCC_WARN_UNUSED_VARIABLE = YES;
				IPHONEOS_DEPLOYMENT_TARGET = 18.5;
				LOCALIZATION_PREFERS_STRING_CATALOGS = YES;
				MTL_ENABLE_DEBUG_INFO = INCLUDE_SOURCE;
				MTL_FAST_MATH = YES;
				ONLY_ACTIVE_ARCH = YES;
				SDKROOT = iphoneos;
				SWIFT_ACTIVE_COMPILATION_CONDITIONS = "DEBUG $(inherited)";
				SWIFT_OPTIMIZATION_LEVEL = "-Onone";
			};
			name = Debug;
		};
		D4875BFD2E71C497007B256E /* Release */ = {
			isa = XCBuildConfiguration;
			buildSettings = {
				ALWAYS_SEARCH_USER_PATHS = NO;
				ASSETCATALOG_COMPILER_GENERATE_SWIFT_ASSET_SYMBOL_EXTENSIONS = YES;
				CLANG_ANALYZER_NONNULL = YES;
				CLANG_ANALYZER_NUMBER_OBJECT_CONVERSION = YES_AGGRESSIVE;
				CLANG_CXX_LANGUAGE_STANDARD = "gnu++20";
				CLANG_ENABLE_MODULES = YES;
				CLANG_ENABLE_OBJC_ARC = YES;
				CLANG_ENABLE_OBJC_WEAK = YES;
				CLANG_WARN_BLOCK_CAPTURE_AUTORELEASING = YES;
				CLANG_WARN_BOOL_CONVERSION = YES;
				CLANG_WARN_COMMA = YES;
				CLANG_WARN_CONSTANT_CONVERSION = YES;
				CLANG_WARN_DEPRECATED_OBJC_IMPLEMENTATIONS = YES;
				CLANG_WARN_DIRECT_OBJC_ISA_USAGE = YES_ERROR;
				CLANG_WARN_DOCUMENTATION_COMMENTS = YES;
				CLANG_WARN_EMPTY_BODY = YES;
				CLANG_WARN_ENUM_CONVERSION = YES;
				CLANG_WARN_INFINITE_RECURSION = YES;
				CLANG_WARN_INT_CONVERSION = YES;
				CLANG_WARN_NON_LITERAL_NULL_CONVERSION = YES;
				CLANG_WARN_OBJC_IMPLICIT_RETAIN_SELF = YES;
				CLANG_WARN_OBJC_LITERAL_CONVERSION = YES;
				CLANG_WARN_OBJC_ROOT_CLASS = YES_ERROR;
				CLANG_WARN_QUOTED_INCLUDE_IN_FRAMEWORK_HEADER = YES;
				CLANG_WARN_RANGE_LOOP_ANALYSIS = YES;
				CLANG_WARN_STRICT_PROTOTYPES = YES;
				CLANG_WARN_SUSPICIOUS_MOVE = YES;
				CLANG_WARN_UNGUARDED_AVAILABILITY = YES_AGGRESSIVE;
				CLANG_WARN_UNREACHABLE_CODE = YES;
				CLANG_WARN__DUPLICATE_METHOD_MATCH = YES;
				COPY_PHASE_STRIP = NO;
				DEBUG_INFORMATION_FORMAT = "dwarf-with-dsym";
				DEVELOPMENT_TEAM = K73XJ748R3;
				ENABLE_NS_ASSERTIONS = NO;
				ENABLE_STRICT_OBJC_MSGSEND = YES;
				ENABLE_USER_SCRIPT_SANDBOXING = YES;
				GCC_C_LANGUAGE_STANDARD = gnu17;
				GCC_NO_COMMON_BLOCKS = YES;
				GCC_WARN_64_TO_32_BIT_CONVERSION = YES;
				GCC_WARN_ABOUT_RETURN_TYPE = YES_ERROR;
				GCC_WARN_UNDECLARED_SELECTOR = YES;
				GCC_WARN_UNINITIALIZED_AUTOS = YES_AGGRESSIVE;
				GCC_WARN_UNUSED_FUNCTION = YES;
				GCC_WARN_UNUSED_VARIABLE = YES;
				IPHONEOS_DEPLOYMENT_TARGET = 18.5;
				LOCALIZATION_PREFERS_STRING_CATALOGS = YES;
				MTL_ENABLE_DEBUG_INFO = NO;
				MTL_FAST_MATH = YES;
				SDKROOT = iphoneos;
				SWIFT_COMPILATION_MODE = wholemodule;
				VALIDATE_PRODUCT = YES;
			};
			name = Release;
		};
/* End XCBuildConfiguration section */

/* Begin XCConfigurationList section */
		D4875BE12E71C496007B256E /* Build configuration list for PBXProject "BlindBeats" */ = {
			isa = XCConfigurationList;
			buildConfigurations = (
				D4875BFC2E71C497007B256E /* Debug */,
				D4875BFD2E71C497007B256E /* Release */,
			);
			defaultConfigurationIsVisible = 0;
			defaultConfigurationName = Release;
		};
		D4875BF92E71C497007B256E /* Build configuration list for PBXNativeTarget "BlindBeats" */ = {
			isa = XCConfigurationList;
			buildConfigurations = (
				D4875BFA2E71C497007B256E /* Debug */,
				D4875BFB2E71C497007B256E /* Release */,
			);
			defaultConfigurationIsVisible = 0;
			defaultConfigurationName = Release;
		};
/* End XCConfigurationList section */

/* Begin XCRemoteSwiftPackageReference section */
		D418E4292E87248A00959434 /* XCRemoteSwiftPackageReference "SPConfetti" */ = {
			isa = XCRemoteSwiftPackageReference;
			repositoryURL = "https://github.com/ivanvorobei/SPConfetti";
			requirement = {
				kind = upToNextMajorVersion;
				minimumVersion = 1.4.2;
			};
		};
		D439A64C2E833720001D193A /* XCRemoteSwiftPackageReference "NotificationToast" */ = {
			isa = XCRemoteSwiftPackageReference;
			repositoryURL = "https://github.com/PhilippeWeidmann/NotificationToast";
			requirement = {
				kind = upToNextMajorVersion;
				minimumVersion = 2.1.0;
			};
		};
		D4C51D212E71CAE400E2BA7E /* XCRemoteSwiftPackageReference "SnapKit" */ = {
			isa = XCRemoteSwiftPackageReference;
			repositoryURL = "https://github.com/SnapKit/SnapKit.git";
			requirement = {
				kind = upToNextMajorVersion;
				minimumVersion = 5.7.1;
			};
		};
		D4C51E7F2E72047200E2BA7E /* XCRemoteSwiftPackageReference "SwiftySound" */ = {
			isa = XCRemoteSwiftPackageReference;
			repositoryURL = "https://github.com/adamcichy/SwiftySound.git";
			requirement = {
				kind = upToNextMajorVersion;
				minimumVersion = 1.3.0;
			};
		};
		D4C51EAC2E72F29C00E2BA7E /* XCRemoteSwiftPackageReference "Alamofire" */ = {
			isa = XCRemoteSwiftPackageReference;
			repositoryURL = "https://github.com/Alamofire/Alamofire.git";
			requirement = {
				kind = upToNextMajorVersion;
				minimumVersion = 5.10.2;
			};
		};
		D4C51EAF2E72F2A900E2BA7E /* XCRemoteSwiftPackageReference "AlamofireImage" */ = {
			isa = XCRemoteSwiftPackageReference;
			repositoryURL = "https://github.com/Alamofire/AlamofireImage.git";
			requirement = {
				kind = upToNextMajorVersion;
				minimumVersion = 4.3.0;
			};
		};
		D4C51ED92E74028400E2BA7E /* XCRemoteSwiftPackageReference "firebase-ios-sdk" */ = {
			isa = XCRemoteSwiftPackageReference;
			repositoryURL = "https://github.com/firebase/firebase-ios-sdk";
			requirement = {
				kind = upToNextMajorVersion;
				minimumVersion = 12.2.0;
			};
		};
		D4C51EE92E74141200E2BA7E /* XCRemoteSwiftPackageReference "SVGKit" */ = {
			isa = XCRemoteSwiftPackageReference;
			repositoryURL = "https://github.com/SVGKit/SVGKit.git";
			requirement = {
				kind = upToNextMajorVersion;
				minimumVersion = 3.0.0;
			};
		};
		D4CEC4AB2E951072000E0D1E /* XCRemoteSwiftPackageReference "swift-package-manager-google-mobile-ads" */ = {
			isa = XCRemoteSwiftPackageReference;
			repositoryURL = "https://github.com/googleads/swift-package-manager-google-mobile-ads.git";
			requirement = {
				kind = upToNextMajorVersion;
				minimumVersion = 12.12.0;
			};
		};
		D4CEC4AE2E9510B8000E0D1E /* XCRemoteSwiftPackageReference "swift-package-manager-google-user-messaging-platform" */ = {
			isa = XCRemoteSwiftPackageReference;
			repositoryURL = "https://github.com/googleads/swift-package-manager-google-user-messaging-platform.git";
			requirement = {
				kind = upToNextMajorVersion;
				minimumVersion = 3.0.0;
			};
		};
/* End XCRemoteSwiftPackageReference section */

/* Begin XCSwiftPackageProductDependency section */
		D418E42A2E87248A00959434 /* SPConfetti */ = {
			isa = XCSwiftPackageProductDependency;
			package = D418E4292E87248A00959434 /* XCRemoteSwiftPackageReference "SPConfetti" */;
			productName = SPConfetti;
		};
		D439A64D2E833720001D193A /* NotificationToast */ = {
			isa = XCSwiftPackageProductDependency;
			package = D439A64C2E833720001D193A /* XCRemoteSwiftPackageReference "NotificationToast" */;
			productName = NotificationToast;
		};
		D4C51D222E71CAE400E2BA7E /* SnapKit */ = {
			isa = XCSwiftPackageProductDependency;
			package = D4C51D212E71CAE400E2BA7E /* XCRemoteSwiftPackageReference "SnapKit" */;
			productName = SnapKit;
		};
		D4C51E802E72047200E2BA7E /* SwiftySound */ = {
			isa = XCSwiftPackageProductDependency;
			package = D4C51E7F2E72047200E2BA7E /* XCRemoteSwiftPackageReference "SwiftySound" */;
			productName = SwiftySound;
		};
		D4C51EAD2E72F29C00E2BA7E /* Alamofire */ = {
			isa = XCSwiftPackageProductDependency;
			package = D4C51EAC2E72F29C00E2BA7E /* XCRemoteSwiftPackageReference "Alamofire" */;
			productName = Alamofire;
		};
		D4C51EB02E72F2A900E2BA7E /* AlamofireImage */ = {
			isa = XCSwiftPackageProductDependency;
			package = D4C51EAF2E72F2A900E2BA7E /* XCRemoteSwiftPackageReference "AlamofireImage" */;
			productName = AlamofireImage;
		};
		D4C51EDA2E74028400E2BA7E /* FirebaseFirestore */ = {
			isa = XCSwiftPackageProductDependency;
			package = D4C51ED92E74028400E2BA7E /* XCRemoteSwiftPackageReference "firebase-ios-sdk" */;
			productName = FirebaseFirestore;
		};
		D4C51EE22E74054A00E2BA7E /* FirebaseAnalytics */ = {
			isa = XCSwiftPackageProductDependency;
			package = D4C51ED92E74028400E2BA7E /* XCRemoteSwiftPackageReference "firebase-ios-sdk" */;
			productName = FirebaseAnalytics;
		};
		D4C51EEA2E74141200E2BA7E /* SVGKit */ = {
			isa = XCSwiftPackageProductDependency;
			package = D4C51EE92E74141200E2BA7E /* XCRemoteSwiftPackageReference "SVGKit" */;
			productName = SVGKit;
		};
		D4CEC0AE2E93A87C000E0D1E /* FirebaseRemoteConfig */ = {
			isa = XCSwiftPackageProductDependency;
			package = D4C51ED92E74028400E2BA7E /* XCRemoteSwiftPackageReference "firebase-ios-sdk" */;
			productName = FirebaseRemoteConfig;
		};
		D4CEC4AC2E951072000E0D1E /* GoogleMobileAds */ = {
			isa = XCSwiftPackageProductDependency;
			package = D4CEC4AB2E951072000E0D1E /* XCRemoteSwiftPackageReference "swift-package-manager-google-mobile-ads" */;
			productName = GoogleMobileAds;
		};
		D4CEC4AF2E9510B8000E0D1E /* GoogleUserMessagingPlatform */ = {
			isa = XCSwiftPackageProductDependency;
			package = D4CEC4AE2E9510B8000E0D1E /* XCRemoteSwiftPackageReference "swift-package-manager-google-user-messaging-platform" */;
			productName = GoogleUserMessagingPlatform;
		};
/* End XCSwiftPackageProductDependency section */
	};
	rootObject = D4875BDE2E71C496007B256E /* Project object */;
}
